// !$*UTF8*$!
{
	archiveVersion = 1;
	classes = {
	};
	objectVersion = 56;
	objects = {

/* Begin PBXBuildFile section */
		020ACAD12B7A1EB90046348E /* SearchView.swift in Sources */ = {isa = PBXBuildFile; fileRef = 020ACAD02B7A1EB90046348E /* SearchView.swift */; };
		020ACAD42B7A21CE0046348E /* LoginView.swift in Sources */ = {isa = PBXBuildFile; fileRef = 020ACAD32B7A21CE0046348E /* LoginView.swift */; };
		020ACAD62B7A27F70046348E /* AddEmailView.swift in Sources */ = {isa = PBXBuildFile; fileRef = 020ACAD52B7A27F70046348E /* AddEmailView.swift */; };
		020ACAD82B7A5EB40046348E /* TextFieldModifier.swift in Sources */ = {isa = PBXBuildFile; fileRef = 020ACAD72B7A5EB40046348E /* TextFieldModifier.swift */; };
		020ACADA2B7A936D0046348E /* CreateUsernameView.swift in Sources */ = {isa = PBXBuildFile; fileRef = 020ACAD92B7A936D0046348E /* CreateUsernameView.swift */; };
		020ACADC2B7A96350046348E /* CreatePasswordView.swift in Sources */ = {isa = PBXBuildFile; fileRef = 020ACADB2B7A96350046348E /* CreatePasswordView.swift */; };
		020ACADE2B7A97560046348E /* CompleteSignupView.swift in Sources */ = {isa = PBXBuildFile; fileRef = 020ACADD2B7A97560046348E /* CompleteSignupView.swift */; };
		020ACAE32B7A9E4E0046348E /* User.swift in Sources */ = {isa = PBXBuildFile; fileRef = 020ACAE22B7A9E4E0046348E /* User.swift */; };
		020ACAE52B7AAE4C0046348E /* CurrentUserProfileView.swift in Sources */ = {isa = PBXBuildFile; fileRef = 020ACAE42B7AAE4C0046348E /* CurrentUserProfileView.swift */; };
		026019112B76231F00AF104D /* Instagram_cloneApp.swift in Sources */ = {isa = PBXBuildFile; fileRef = 026019102B76231F00AF104D /* Instagram_cloneApp.swift */; };
		026019132B76231F00AF104D /* ContentView.swift in Sources */ = {isa = PBXBuildFile; fileRef = 026019122B76231F00AF104D /* ContentView.swift */; };
		026019152B76232000AF104D /* Assets.xcassets in Resources */ = {isa = PBXBuildFile; fileRef = 026019142B76232000AF104D /* Assets.xcassets */; };
		026019182B76232000AF104D /* Preview Assets.xcassets in Resources */ = {isa = PBXBuildFile; fileRef = 026019172B76232000AF104D /* Preview Assets.xcassets */; };
		026019232B7623A800AF104D /* MainTabView.swift in Sources */ = {isa = PBXBuildFile; fileRef = 026019222B7623A800AF104D /* MainTabView.swift */; };
		026019262B7624F500AF104D /* ProfileView.swift in Sources */ = {isa = PBXBuildFile; fileRef = 026019252B7624F500AF104D /* ProfileView.swift */; };
		026019292B7678C000AF104D /* UserStatView.swift in Sources */ = {isa = PBXBuildFile; fileRef = 026019282B7678C000AF104D /* UserStatView.swift */; };
		0260192C2B7680AE00AF104D /* FeedView.swift in Sources */ = {isa = PBXBuildFile; fileRef = 0260192B2B7680AE00AF104D /* FeedView.swift */; };
		0260192E2B7680BD00AF104D /* FeedCell.swift in Sources */ = {isa = PBXBuildFile; fileRef = 0260192D2B7680BD00AF104D /* FeedCell.swift */; };
/* End PBXBuildFile section */

/* Begin PBXFileReference section */
		020ACAD02B7A1EB90046348E /* SearchView.swift */ = {isa = PBXFileReference; lastKnownFileType = sourcecode.swift; path = SearchView.swift; sourceTree = "<group>"; };
		020ACAD32B7A21CE0046348E /* LoginView.swift */ = {isa = PBXFileReference; lastKnownFileType = sourcecode.swift; path = LoginView.swift; sourceTree = "<group>"; };
		020ACAD52B7A27F70046348E /* AddEmailView.swift */ = {isa = PBXFileReference; lastKnownFileType = sourcecode.swift; path = AddEmailView.swift; sourceTree = "<group>"; };
		020ACAD72B7A5EB40046348E /* TextFieldModifier.swift */ = {isa = PBXFileReference; lastKnownFileType = sourcecode.swift; path = TextFieldModifier.swift; sourceTree = "<group>"; };
		020ACAD92B7A936D0046348E /* CreateUsernameView.swift */ = {isa = PBXFileReference; lastKnownFileType = sourcecode.swift; path = CreateUsernameView.swift; sourceTree = "<group>"; };
		020ACADB2B7A96350046348E /* CreatePasswordView.swift */ = {isa = PBXFileReference; lastKnownFileType = sourcecode.swift; path = CreatePasswordView.swift; sourceTree = "<group>"; };
		020ACADD2B7A97560046348E /* CompleteSignupView.swift */ = {isa = PBXFileReference; lastKnownFileType = sourcecode.swift; path = CompleteSignupView.swift; sourceTree = "<group>"; };
		020ACAE22B7A9E4E0046348E /* User.swift */ = {isa = PBXFileReference; lastKnownFileType = sourcecode.swift; path = User.swift; sourceTree = "<group>"; };
		020ACAE42B7AAE4C0046348E /* CurrentUserProfileView.swift */ = {isa = PBXFileReference; lastKnownFileType = sourcecode.swift; path = CurrentUserProfileView.swift; sourceTree = "<group>"; };
		0260190D2B76231F00AF104D /* Instagram-clone.app */ = {isa = PBXFileReference; explicitFileType = wrapper.application; includeInIndex = 0; path = "Instagram-clone.app"; sourceTree = BUILT_PRODUCTS_DIR; };
		026019102B76231F00AF104D /* Instagram_cloneApp.swift */ = {isa = PBXFileReference; lastKnownFileType = sourcecode.swift; path = Instagram_cloneApp.swift; sourceTree = "<group>"; };
		026019122B76231F00AF104D /* ContentView.swift */ = {isa = PBXFileReference; lastKnownFileType = sourcecode.swift; path = ContentView.swift; sourceTree = "<group>"; };
		026019142B76232000AF104D /* Assets.xcassets */ = {isa = PBXFileReference; lastKnownFileType = folder.assetcatalog; path = Assets.xcassets; sourceTree = "<group>"; };
		026019172B76232000AF104D /* Preview Assets.xcassets */ = {isa = PBXFileReference; lastKnownFileType = folder.assetcatalog; path = "Preview Assets.xcassets"; sourceTree = "<group>"; };
		026019222B7623A800AF104D /* MainTabView.swift */ = {isa = PBXFileReference; lastKnownFileType = sourcecode.swift; path = MainTabView.swift; sourceTree = "<group>"; };
		026019252B7624F500AF104D /* ProfileView.swift */ = {isa = PBXFileReference; lastKnownFileType = sourcecode.swift; path = ProfileView.swift; sourceTree = "<group>"; };
		026019282B7678C000AF104D /* UserStatView.swift */ = {isa = PBXFileReference; lastKnownFileType = sourcecode.swift; path = UserStatView.swift; sourceTree = "<group>"; };
		0260192B2B7680AE00AF104D /* FeedView.swift */ = {isa = PBXFileReference; lastKnownFileType = sourcecode.swift; path = FeedView.swift; sourceTree = "<group>"; };
		0260192D2B7680BD00AF104D /* FeedCell.swift */ = {isa = PBXFileReference; lastKnownFileType = sourcecode.swift; path = FeedCell.swift; sourceTree = "<group>"; };
/* End PBXFileReference section */

/* Begin PBXFrameworksBuildPhase section */
		0260190A2B76231F00AF104D /* Frameworks */ = {
			isa = PBXFrameworksBuildPhase;
			buildActionMask = 2147483647;
			files = (
			);
			runOnlyForDeploymentPostprocessing = 0;
		};
/* End PBXFrameworksBuildPhase section */

/* Begin PBXGroup section */
		020ACACF2B7A1EA90046348E /* Search */ = {
			isa = PBXGroup;
			children = (
				020ACAD02B7A1EB90046348E /* SearchView.swift */,
			);
			path = Search;
			sourceTree = "<group>";
		};
		020ACAD22B7A21B70046348E /* Authentication */ = {
			isa = PBXGroup;
			children = (
				020ACAD32B7A21CE0046348E /* LoginView.swift */,
				020ACAD52B7A27F70046348E /* AddEmailView.swift */,
				020ACAD92B7A936D0046348E /* CreateUsernameView.swift */,
				020ACADB2B7A96350046348E /* CreatePasswordView.swift */,
				020ACADD2B7A97560046348E /* CompleteSignupView.swift */,
			);
			path = Authentication;
			sourceTree = "<group>";
		};
		020ACAE12B7A9E410046348E /* Model */ = {
			isa = PBXGroup;
			children = (
				020ACAE22B7A9E4E0046348E /* User.swift */,
			);
			path = Model;
			sourceTree = "<group>";
		};
		026019042B76231F00AF104D = {
			isa = PBXGroup;
			children = (
				0260190F2B76231F00AF104D /* Instagram-clone */,
				0260190E2B76231F00AF104D /* Products */,
			);
			sourceTree = "<group>";
		};
		0260190E2B76231F00AF104D /* Products */ = {
			isa = PBXGroup;
			children = (
				0260190D2B76231F00AF104D /* Instagram-clone.app */,
			);
			name = Products;
			sourceTree = "<group>";
		};
		0260190F2B76231F00AF104D /* Instagram-clone */ = {
			isa = PBXGroup;
			children = (
				020ACAE12B7A9E410046348E /* Model */,
				0260191E2B76236800AF104D /* Core */,
				026019102B76231F00AF104D /* Instagram_cloneApp.swift */,
				026019122B76231F00AF104D /* ContentView.swift */,
				026019142B76232000AF104D /* Assets.xcassets */,
				026019162B76232000AF104D /* Preview Content */,
			);
			path = "Instagram-clone";
			sourceTree = "<group>";
		};
		026019162B76232000AF104D /* Preview Content */ = {
			isa = PBXGroup;
			children = (
				026019172B76232000AF104D /* Preview Assets.xcassets */,
			);
			path = "Preview Content";
			sourceTree = "<group>";
		};
		0260191E2B76236800AF104D /* Core */ = {
			isa = PBXGroup;
			children = (
				020ACAD22B7A21B70046348E /* Authentication */,
				020ACACF2B7A1EA90046348E /* Search */,
				026019272B7678B300AF104D /* Components */,
				0260192A2B76809A00AF104D /* Feed */,
				026019242B7624E700AF104D /* Profile */,
				0260191F2B76237400AF104D /* TabBar */,
			);
			path = Core;
			sourceTree = "<group>";
		};
		0260191F2B76237400AF104D /* TabBar */ = {
			isa = PBXGroup;
			children = (
				026019222B7623A800AF104D /* MainTabView.swift */,
			);
			path = TabBar;
			sourceTree = "<group>";
		};
		026019242B7624E700AF104D /* Profile */ = {
			isa = PBXGroup;
			children = (
				026019252B7624F500AF104D /* ProfileView.swift */,
				020ACAE42B7AAE4C0046348E /* CurrentUserProfileView.swift */,
			);
			path = Profile;
			sourceTree = "<group>";
		};
		026019272B7678B300AF104D /* Components */ = {
			isa = PBXGroup;
			children = (
				026019282B7678C000AF104D /* UserStatView.swift */,
				020ACAD72B7A5EB40046348E /* TextFieldModifier.swift */,
			);
			path = Components;
			sourceTree = "<group>";
		};
		0260192A2B76809A00AF104D /* Feed */ = {
			isa = PBXGroup;
			children = (
				0260192B2B7680AE00AF104D /* FeedView.swift */,
				0260192D2B7680BD00AF104D /* FeedCell.swift */,
			);
			path = Feed;
			sourceTree = "<group>";
		};
/* End PBXGroup section */

/* Begin PBXNativeTarget section */
		0260190C2B76231F00AF104D /* Instagram-clone */ = {
			isa = PBXNativeTarget;
			buildConfigurationList = 0260191B2B76232000AF104D /* Build configuration list for PBXNativeTarget "Instagram-clone" */;
			buildPhases = (
				026019092B76231F00AF104D /* Sources */,
				0260190A2B76231F00AF104D /* Frameworks */,
				0260190B2B76231F00AF104D /* Resources */,
			);
			buildRules = (
			);
			dependencies = (
			);
			name = "Instagram-clone";
			productName = "Instagram-clone";
			productReference = 0260190D2B76231F00AF104D /* Instagram-clone.app */;
			productType = "com.apple.product-type.application";
		};
/* End PBXNativeTarget section */

/* Begin PBXProject section */
		026019052B76231F00AF104D /* Project object */ = {
			isa = PBXProject;
			attributes = {
				BuildIndependentTargetsInParallel = 1;
				LastSwiftUpdateCheck = 1520;
				LastUpgradeCheck = 1520;
				TargetAttributes = {
					0260190C2B76231F00AF104D = {
						CreatedOnToolsVersion = 15.2;
					};
				};
			};
			buildConfigurationList = 026019082B76231F00AF104D /* Build configuration list for PBXProject "Instagram-clone" */;
			compatibilityVersion = "Xcode 14.0";
			developmentRegion = en;
			hasScannedForEncodings = 0;
			knownRegions = (
				en,
				Base,
			);
			mainGroup = 026019042B76231F00AF104D;
			productRefGroup = 0260190E2B76231F00AF104D /* Products */;
			projectDirPath = "";
			projectRoot = "";
			targets = (
				0260190C2B76231F00AF104D /* Instagram-clone */,
			);
		};
/* End PBXProject section */

/* Begin PBXResourcesBuildPhase section */
		0260190B2B76231F00AF104D /* Resources */ = {
			isa = PBXResourcesBuildPhase;
			buildActionMask = 2147483647;
			files = (
				026019182B76232000AF104D /* Preview Assets.xcassets in Resources */,
				026019152B76232000AF104D /* Assets.xcassets in Resources */,
			);
			runOnlyForDeploymentPostprocessing = 0;
		};
/* End PBXResourcesBuildPhase section */

/* Begin PBXSourcesBuildPhase section */
		026019092B76231F00AF104D /* Sources */ = {
			isa = PBXSourcesBuildPhase;
			buildActionMask = 2147483647;
			files = (
				0260192E2B7680BD00AF104D /* FeedCell.swift in Sources */,
				026019262B7624F500AF104D /* ProfileView.swift in Sources */,
				026019132B76231F00AF104D /* ContentView.swift in Sources */,
				020ACAD42B7A21CE0046348E /* LoginView.swift in Sources */,
				026019112B76231F00AF104D /* Instagram_cloneApp.swift in Sources */,
				020ACAE52B7AAE4C0046348E /* CurrentUserProfileView.swift in Sources */,
				020ACAD62B7A27F70046348E /* AddEmailView.swift in Sources */,
				020ACADA2B7A936D0046348E /* CreateUsernameView.swift in Sources */,
				020ACAD12B7A1EB90046348E /* SearchView.swift in Sources */,
				020ACAE32B7A9E4E0046348E /* User.swift in Sources */,
				026019292B7678C000AF104D /* UserStatView.swift in Sources */,
				020ACADE2B7A97560046348E /* CompleteSignupView.swift in Sources */,
				0260192C2B7680AE00AF104D /* FeedView.swift in Sources */,
				020ACAD82B7A5EB40046348E /* TextFieldModifier.swift in Sources */,
				026019232B7623A800AF104D /* MainTabView.swift in Sources */,
				020ACADC2B7A96350046348E /* CreatePasswordView.swift in Sources */,
			);
			runOnlyForDeploymentPostprocessing = 0;
		};
/* End PBXSourcesBuildPhase section */

/* Begin XCBuildConfiguration section */
		026019192B76232000AF104D /* Debug */ = {
			isa = XCBuildConfiguration;
			buildSettings = {
				ALWAYS_SEARCH_USER_PATHS = NO;
				ASSETCATALOG_COMPILER_GENERATE_SWIFT_ASSET_SYMBOL_EXTENSIONS = YES;
				CLANG_ANALYZER_NONNULL = YES;
				CLANG_ANALYZER_NUMBER_OBJECT_CONVERSION = YES_AGGRESSIVE;
				CLANG_CXX_LANGUAGE_STANDARD = "gnu++20";
				CLANG_ENABLE_MODULES = YES;
				CLANG_ENABLE_OBJC_ARC = YES;
				CLANG_ENABLE_OBJC_WEAK = YES;
				CLANG_WARN_BLOCK_CAPTURE_AUTORELEASING = YES;
				CLANG_WARN_BOOL_CONVERSION = YES;
				CLANG_WARN_COMMA = YES;
				CLANG_WARN_CONSTANT_CONVERSION = YES;
				CLANG_WARN_DEPRECATED_OBJC_IMPLEMENTATIONS = YES;
				CLANG_WARN_DIRECT_OBJC_ISA_USAGE = YES_ERROR;
				CLANG_WARN_DOCUMENTATION_COMMENTS = YES;
				CLANG_WARN_EMPTY_BODY = YES;
				CLANG_WARN_ENUM_CONVERSION = YES;
				CLANG_WARN_INFINITE_RECURSION = YES;
				CLANG_WARN_INT_CONVERSION = YES;
				CLANG_WARN_NON_LITERAL_NULL_CONVERSION = YES;
				CLANG_WARN_OBJC_IMPLICIT_RETAIN_SELF = YES;
				CLANG_WARN_OBJC_LITERAL_CONVERSION = YES;
				CLANG_WARN_OBJC_ROOT_CLASS = YES_ERROR;
				CLANG_WARN_QUOTED_INCLUDE_IN_FRAMEWORK_HEADER = YES;
				CLANG_WARN_RANGE_LOOP_ANALYSIS = YES;
				CLANG_WARN_STRICT_PROTOTYPES = YES;
				CLANG_WARN_SUSPICIOUS_MOVE = YES;
				CLANG_WARN_UNGUARDED_AVAILABILITY = YES_AGGRESSIVE;
				CLANG_WARN_UNREACHABLE_CODE = YES;
				CLANG_WARN__DUPLICATE_METHOD_MATCH = YES;
				COPY_PHASE_STRIP = NO;
				DEBUG_INFORMATION_FORMAT = dwarf;
				ENABLE_STRICT_OBJC_MSGSEND = YES;
				ENABLE_TESTABILITY = YES;
				ENABLE_USER_SCRIPT_SANDBOXING = YES;
				GCC_C_LANGUAGE_STANDARD = gnu17;
				GCC_DYNAMIC_NO_PIC = NO;
				GCC_NO_COMMON_BLOCKS = YES;
				GCC_OPTIMIZATION_LEVEL = 0;
				GCC_PREPROCESSOR_DEFINITIONS = (
					"DEBUG=1",
					"$(inherited)",
				);
				GCC_WARN_64_TO_32_BIT_CONVERSION = YES;
				GCC_WARN_ABOUT_RETURN_TYPE = YES_ERROR;
				GCC_WARN_UNDECLARED_SELECTOR = YES;
				GCC_WARN_UNINITIALIZED_AUTOS = YES_AGGRESSIVE;
				GCC_WARN_UNUSED_FUNCTION = YES;
				GCC_WARN_UNUSED_VARIABLE = YES;
				IPHONEOS_DEPLOYMENT_TARGET = 17.2;
				LOCALIZATION_PREFERS_STRING_CATALOGS = YES;
				MTL_ENABLE_DEBUG_INFO = INCLUDE_SOURCE;
				MTL_FAST_MATH = YES;
				ONLY_ACTIVE_ARCH = YES;
				SDKROOT = iphoneos;
				SWIFT_ACTIVE_COMPILATION_CONDITIONS = "DEBUG $(inherited)";
				SWIFT_OPTIMIZATION_LEVEL = "-Onone";
			};
			name = Debug;
		};
		0260191A2B76232000AF104D /* Release */ = {
			isa = XCBuildConfiguration;
			buildSettings = {
				ALWAYS_SEARCH_USER_PATHS = NO;
				ASSETCATALOG_COMPILER_GENERATE_SWIFT_ASSET_SYMBOL_EXTENSIONS = YES;
				CLANG_ANALYZER_NONNULL = YES;
				CLANG_ANALYZER_NUMBER_OBJECT_CONVERSION = YES_AGGRESSIVE;
				CLANG_CXX_LANGUAGE_STANDARD = "gnu++20";
				CLANG_ENABLE_MODULES = YES;
				CLANG_ENABLE_OBJC_ARC = YES;
				CLANG_ENABLE_OBJC_WEAK = YES;
				CLANG_WARN_BLOCK_CAPTURE_AUTORELEASING = YES;
				CLANG_WARN_BOOL_CONVERSION = YES;
				CLANG_WARN_COMMA = YES;
				CLANG_WARN_CONSTANT_CONVERSION = YES;
				CLANG_WARN_DEPRECATED_OBJC_IMPLEMENTATIONS = YES;
				CLANG_WARN_DIRECT_OBJC_ISA_USAGE = YES_ERROR;
				CLANG_WARN_DOCUMENTATION_COMMENTS = YES;
				CLANG_WARN_EMPTY_BODY = YES;
				CLANG_WARN_ENUM_CONVERSION = YES;
				CLANG_WARN_INFINITE_RECURSION = YES;
				CLANG_WARN_INT_CONVERSION = YES;
				CLANG_WARN_NON_LITERAL_NULL_CONVERSION = YES;
				CLANG_WARN_OBJC_IMPLICIT_RETAIN_SELF = YES;
				CLANG_WARN_OBJC_LITERAL_CONVERSION = YES;
				CLANG_WARN_OBJC_ROOT_CLASS = YES_ERROR;
				CLANG_WARN_QUOTED_INCLUDE_IN_FRAMEWORK_HEADER = YES;
				CLANG_WARN_RANGE_LOOP_ANALYSIS = YES;
				CLANG_WARN_STRICT_PROTOTYPES = YES;
				CLANG_WARN_SUSPICIOUS_MOVE = YES;
				CLANG_WARN_UNGUARDED_AVAILABILITY = YES_AGGRESSIVE;
				CLANG_WARN_UNREACHABLE_CODE = YES;
				CLANG_WARN__DUPLICATE_METHOD_MATCH = YES;
				COPY_PHASE_STRIP = NO;
				DEBUG_INFORMATION_FORMAT = "dwarf-with-dsym";
				ENABLE_NS_ASSERTIONS = NO;
				ENABLE_STRICT_OBJC_MSGSEND = YES;
				ENABLE_USER_SCRIPT_SANDBOXING = YES;
				GCC_C_LANGUAGE_STANDARD = gnu17;
				GCC_NO_COMMON_BLOCKS = YES;
				GCC_WARN_64_TO_32_BIT_CONVERSION = YES;
				GCC_WARN_ABOUT_RETURN_TYPE = YES_ERROR;
				GCC_WARN_UNDECLARED_SELECTOR = YES;
				GCC_WARN_UNINITIALIZED_AUTOS = YES_AGGRESSIVE;
				GCC_WARN_UNUSED_FUNCTION = YES;
				GCC_WARN_UNUSED_VARIABLE = YES;
				IPHONEOS_DEPLOYMENT_TARGET = 17.2;
				LOCALIZATION_PREFERS_STRING_CATALOGS = YES;
				MTL_ENABLE_DEBUG_INFO = NO;
				MTL_FAST_MATH = YES;
				SDKROOT = iphoneos;
				SWIFT_COMPILATION_MODE = wholemodule;
				VALIDATE_PRODUCT = YES;
			};
			name = Release;
		};
		0260191C2B76232000AF104D /* Debug */ = {
			isa = XCBuildConfiguration;
			buildSettings = {
				ASSETCATALOG_COMPILER_APPICON_NAME = AppIcon;
				ASSETCATALOG_COMPILER_GLOBAL_ACCENT_COLOR_NAME = AccentColor;
				CODE_SIGN_STYLE = Automatic;
				CURRENT_PROJECT_VERSION = 1;
				DEVELOPMENT_ASSET_PATHS = "\"Instagram-clone/Preview Content\"";
				DEVELOPMENT_TEAM = RW67YKW8UP;
				ENABLE_PREVIEWS = YES;
				GENERATE_INFOPLIST_FILE = YES;
				INFOPLIST_KEY_UIApplicationSceneManifest_Generation = YES;
				INFOPLIST_KEY_UIApplicationSupportsIndirectInputEvents = YES;
				INFOPLIST_KEY_UILaunchScreen_Generation = YES;
				INFOPLIST_KEY_UISupportedInterfaceOrientations_iPad = "UIInterfaceOrientationPortrait UIInterfaceOrientationPortraitUpsideDown UIInterfaceOrientationLandscapeLeft UIInterfaceOrientationLandscapeRight";
				INFOPLIST_KEY_UISupportedInterfaceOrientations_iPhone = "UIInterfaceOrientationPortrait UIInterfaceOrientationLandscapeLeft UIInterfaceOrientationLandscapeRight";
				LD_RUNPATH_SEARCH_PATHS = (
					"$(inherited)",
					"@executable_path/Frameworks",
				);
				MARKETING_VERSION = 1.0;
				PRODUCT_BUNDLE_IDENTIFIER = "instagram.com.example.Instagram-clone";
				PRODUCT_NAME = "$(TARGET_NAME)";
				SWIFT_EMIT_LOC_STRINGS = YES;
				SWIFT_VERSION = 5.0;
				TARGETED_DEVICE_FAMILY = "1,2";
			};
			name = Debug;
		};
		0260191D2B76232000AF104D /* Release */ = {
			isa = XCBuildConfiguration;
			buildSettings = {
				ASSETCATALOG_COMPILER_APPICON_NAME = AppIcon;
				ASSETCATALOG_COMPILER_GLOBAL_ACCENT_COLOR_NAME = AccentColor;
				CODE_SIGN_STYLE = Automatic;
				CURRENT_PROJECT_VERSION = 1;
				DEVELOPMENT_ASSET_PATHS = "\"Instagram-clone/Preview Content\"";
				DEVELOPMENT_TEAM = RW67YKW8UP;
				ENABLE_PREVIEWS = YES;
				GENERATE_INFOPLIST_FILE = YES;
				INFOPLIST_KEY_UIApplicationSceneManifest_Generation = YES;
				INFOPLIST_KEY_UIApplicationSupportsIndirectInputEvents = YES;
				INFOPLIST_KEY_UILaunchScreen_Generation = YES;
				INFOPLIST_KEY_UISupportedInterfaceOrientations_iPad = "UIInterfaceOrientationPortrait UIInterfaceOrientationPortraitUpsideDown UIInterfaceOrientationLandscapeLeft UIInterfaceOrientationLandscapeRight";
				INFOPLIST_KEY_UISupportedInterfaceOrientations_iPhone = "UIInterfaceOrientationPortrait UIInterfaceOrientationLandscapeLeft UIInterfaceOrientationLandscapeRight";
				LD_RUNPATH_SEARCH_PATHS = (
					"$(inherited)",
					"@executable_path/Frameworks",
				);
				MARKETING_VERSION = 1.0;
				PRODUCT_BUNDLE_IDENTIFIER = "instagram.com.example.Instagram-clone";
				PRODUCT_NAME = "$(TARGET_NAME)";
				SWIFT_EMIT_LOC_STRINGS = YES;
				SWIFT_VERSION = 5.0;
				TARGETED_DEVICE_FAMILY = "1,2";
			};
			name = Release;
		};
/* End XCBuildConfiguration section */

/* Begin XCConfigurationList section */
		026019082B76231F00AF104D /* Build configuration list for PBXProject "Instagram-clone" */ = {
			isa = XCConfigurationList;
			buildConfigurations = (
				026019192B76232000AF104D /* Debug */,
				0260191A2B76232000AF104D /* Release */,
			);
			defaultConfigurationIsVisible = 0;
			defaultConfigurationName = Release;
		};
		0260191B2B76232000AF104D /* Build configuration list for PBXNativeTarget "Instagram-clone" */ = {
			isa = XCConfigurationList;
			buildConfigurations = (
				0260191C2B76232000AF104D /* Debug */,
				0260191D2B76232000AF104D /* Release */,
			);
			defaultConfigurationIsVisible = 0;
			defaultConfigurationName = Release;
		};
/* End XCConfigurationList section */
	};
	rootObject = 026019052B76231F00AF104D /* Project object */;
}
